
Microsoft Visual Studio Solution File, Format Version 12.00
# Visual Studio Version 16
VisualStudioVersion = 16.0.32228.343
MinimumVisualStudioVersion = 10.0.40219.1
Project("{2150E333-8FDC-42A3-9474-1A3956D46DE8}") = "src", "src", "{7A2835C6-012D-40D5-B47C-FC38FD7C16C3}"
EndProject
Project("{2150E333-8FDC-42A3-9474-1A3956D46DE8}") = "Building Blocks", "Building Blocks", "{D0BA38D0-4D5B-4D7E-8600-FEBEEDD72726}"
EndProject
Project("{2150E333-8FDC-42A3-9474-1A3956D46DE8}") = "Services", "Services", "{02AB7B02-8F34-4FAB-BA75-DD838BBC5B43}"
EndProject
Project("{2150E333-8FDC-42A3-9474-1A3956D46DE8}") = "Web", "Web", "{56233474-7184-43DD-9D44-DD77EF74C0DD}"
EndProject
Project("{2150E333-8FDC-42A3-9474-1A3956D46DE8}") = "Identidade", "Identidade", "{FE30DADE-7CB6-40DF-8BDB-3653DCD0E243}"
EndProject
Project("{9A19103F-16F7-4668-BE54-9A1E7A4F7556}") = "NSE.Identidade.API", "src\services\NSE.Identidade.API\NSE.Identidade.API.csproj", "{7DC8E32C-946D-46D0-9882-BE94B9F60653}"
EndProject
Project("{2150E333-8FDC-42A3-9474-1A3956D46DE8}") = "MVC", "MVC", "{D9C0E725-D37D-4536-AE4C-A634A38DF131}"
EndProject
Project("{9A19103F-16F7-4668-BE54-9A1E7A4F7556}") = "NSE.WebApp.MVC", "src\web\NSE.WebApp.MVC\NSE.WebApp.MVC.csproj", "{7603F8EC-8D72-41FF-B72D-C39DE52BC21A}"
EndProject
Project("{2150E333-8FDC-42A3-9474-1A3956D46DE8}") = "Core", "Core", "{5FAF43BE-B07E-4B1D-AFB9-781B58A440EF}"
EndProject
Project("{9A19103F-16F7-4668-BE54-9A1E7A4F7556}") = "NSE.Core", "src\building blocks\NSE.Core\NSE.Core.csproj", "{D1E2BDDE-4B89-4149-84D6-D754E0185E27}"
EndProject
Project("{2150E333-8FDC-42A3-9474-1A3956D46DE8}") = "Carrinho", "Carrinho", "{96870AF0-228A-4C17-B224-F3CE7D675848}"
EndProject
Project("{9A19103F-16F7-4668-BE54-9A1E7A4F7556}") = "NSE.Carrinho.API", "src\services\NSE.Carrinho.API\NSE.Carrinho.API.csproj", "{3C45E3A4-663D-4CBE-875B-086ED03CB829}"
EndProject
Project("{2150E333-8FDC-42A3-9474-1A3956D46DE8}") = "Catalogo", "Catalogo", "{BD8F59D4-46EA-4497-A5BE-5A97112EE59A}"
EndProject
Project("{9A19103F-16F7-4668-BE54-9A1E7A4F7556}") = "NSE.Catalogo.API", "src\services\NSE.Catalogo.API\NSE.Catalogo.API.csproj", "{7708DB62-73D9-425F-B3BD-34D7E64CC8FD}"
EndProject
Project("{2150E333-8FDC-42A3-9474-1A3956D46DE8}") = "Cliente", "Cliente", "{22893BC9-2BFD-44FE-A142-BEEFE068D6E8}"
EndProject
Project("{2150E333-8FDC-42A3-9474-1A3956D46DE8}") = "Pagamento", "Pagamento", "{14B34153-6D31-4385-A8E0-AFA385D78FC4}"
EndProject
Project("{2150E333-8FDC-42A3-9474-1A3956D46DE8}") = "Pedido", "Pedido", "{4DAE4D95-63FF-4ECD-B501-A2D64AF460E8}"
EndProject
Project("{9A19103F-16F7-4668-BE54-9A1E7A4F7556}") = "NSE.Clientes.API", "src\services\NSE.Cliente.API\NSE.Clientes.API.csproj", "{724641C6-9390-494D-82E5-CE3C7E0558A2}"
EndProject
Project("{9A19103F-16F7-4668-BE54-9A1E7A4F7556}") = "NSE.Pagamento.API", "src\services\NSE.Pagamento.API\NSE.Pagamento.API.csproj", "{A9BCB85A-C297-4BAF-85BC-C31E009900C4}"
EndProject
Project("{9A19103F-16F7-4668-BE54-9A1E7A4F7556}") = "NSE.Pedido.API", "src\services\NSE.Pedido.API\NSE.Pedido.API.csproj", "{B1143C69-90C5-49DF-AF2F-EB85598DE6C9}"
EndProject
Project("{2150E333-8FDC-42A3-9474-1A3956D46DE8}") = "Services", "Services", "{53D06346-BB5B-446D-935E-EE1E6597DFB1}"
EndProject
Project("{9A19103F-16F7-4668-BE54-9A1E7A4F7556}") = "NSE.WebAPI.Core", "src\building blocks\NSE.WebAPI.Core\NSE.WebAPI.Core.csproj", "{89BDE1AF-1171-476F-8BFE-2395C58AA75A}"
EndProject
Project("{2150E333-8FDC-42A3-9474-1A3956D46DE8}") = "MessageBus", "MessageBus", "{298E2127-3EFA-4311-AB65-D9A3561C9507}"
EndProject
Project("{FAE04EC0-301F-11D3-BF4B-00C04F79EFBC}") = "NSE.MessageBus", "src\building blocks\NSE.MessageBus\NSE.MessageBus.csproj", "{1793EBF2-A0EB-4A95-9F0E-A5AE48F7E51C}"
EndProject
Global
	GlobalSection(SolutionConfigurationPlatforms) = preSolution
		Debug|Any CPU = Debug|Any CPU
		Release|Any CPU = Release|Any CPU
	EndGlobalSection
	GlobalSection(ProjectConfigurationPlatforms) = postSolution
		{7DC8E32C-946D-46D0-9882-BE94B9F60653}.Debug|Any CPU.ActiveCfg = Debug|Any CPU
		{7DC8E32C-946D-46D0-9882-BE94B9F60653}.Debug|Any CPU.Build.0 = Debug|Any CPU
		{7DC8E32C-946D-46D0-9882-BE94B9F60653}.Release|Any CPU.ActiveCfg = Release|Any CPU
		{7DC8E32C-946D-46D0-9882-BE94B9F60653}.Release|Any CPU.Build.0 = Release|Any CPU
		{7603F8EC-8D72-41FF-B72D-C39DE52BC21A}.Debug|Any CPU.ActiveCfg = Debug|Any CPU
		{7603F8EC-8D72-41FF-B72D-C39DE52BC21A}.Debug|Any CPU.Build.0 = Debug|Any CPU
		{7603F8EC-8D72-41FF-B72D-C39DE52BC21A}.Release|Any CPU.ActiveCfg = Release|Any CPU
		{7603F8EC-8D72-41FF-B72D-C39DE52BC21A}.Release|Any CPU.Build.0 = Release|Any CPU
		{D1E2BDDE-4B89-4149-84D6-D754E0185E27}.Debug|Any CPU.ActiveCfg = Debug|Any CPU
		{D1E2BDDE-4B89-4149-84D6-D754E0185E27}.Debug|Any CPU.Build.0 = Debug|Any CPU
		{D1E2BDDE-4B89-4149-84D6-D754E0185E27}.Release|Any CPU.ActiveCfg = Release|Any CPU
		{D1E2BDDE-4B89-4149-84D6-D754E0185E27}.Release|Any CPU.Build.0 = Release|Any CPU
		{3C45E3A4-663D-4CBE-875B-086ED03CB829}.Debug|Any CPU.ActiveCfg = Debug|Any CPU
		{3C45E3A4-663D-4CBE-875B-086ED03CB829}.Debug|Any CPU.Build.0 = Debug|Any CPU
		{3C45E3A4-663D-4CBE-875B-086ED03CB829}.Release|Any CPU.ActiveCfg = Release|Any CPU
		{3C45E3A4-663D-4CBE-875B-086ED03CB829}.Release|Any CPU.Build.0 = Release|Any CPU
		{7708DB62-73D9-425F-B3BD-34D7E64CC8FD}.Debug|Any CPU.ActiveCfg = Debug|Any CPU
		{7708DB62-73D9-425F-B3BD-34D7E64CC8FD}.Debug|Any CPU.Build.0 = Debug|Any CPU
		{7708DB62-73D9-425F-B3BD-34D7E64CC8FD}.Release|Any CPU.ActiveCfg = Release|Any CPU
		{7708DB62-73D9-425F-B3BD-34D7E64CC8FD}.Release|Any CPU.Build.0 = Release|Any CPU
		{724641C6-9390-494D-82E5-CE3C7E0558A2}.Debug|Any CPU.ActiveCfg = Debug|Any CPU
		{724641C6-9390-494D-82E5-CE3C7E0558A2}.Debug|Any CPU.Build.0 = Debug|Any CPU
		{724641C6-9390-494D-82E5-CE3C7E0558A2}.Release|Any CPU.ActiveCfg = Release|Any CPU
		{724641C6-9390-494D-82E5-CE3C7E0558A2}.Release|Any CPU.Build.0 = Release|Any CPU
		{A9BCB85A-C297-4BAF-85BC-C31E009900C4}.Debug|Any CPU.ActiveCfg = Debug|Any CPU
		{A9BCB85A-C297-4BAF-85BC-C31E009900C4}.Debug|Any CPU.Build.0 = Debug|Any CPU
		{A9BCB85A-C297-4BAF-85BC-C31E009900C4}.Release|Any CPU.ActiveCfg = Release|Any CPU
		{A9BCB85A-C297-4BAF-85BC-C31E009900C4}.Release|Any CPU.Build.0 = Release|Any CPU
		{B1143C69-90C5-49DF-AF2F-EB85598DE6C9}.Debug|Any CPU.ActiveCfg = Debug|Any CPU
		{B1143C69-90C5-49DF-AF2F-EB85598DE6C9}.Debug|Any CPU.Build.0 = Debug|Any CPU
		{B1143C69-90C5-49DF-AF2F-EB85598DE6C9}.Release|Any CPU.ActiveCfg = Release|Any CPU
		{B1143C69-90C5-49DF-AF2F-EB85598DE6C9}.Release|Any CPU.Build.0 = Release|Any CPU
		{89BDE1AF-1171-476F-8BFE-2395C58AA75A}.Debug|Any CPU.ActiveCfg = Debug|Any CPU
		{89BDE1AF-1171-476F-8BFE-2395C58AA75A}.Debug|Any CPU.Build.0 = Debug|Any CPU
		{89BDE1AF-1171-476F-8BFE-2395C58AA75A}.Release|Any CPU.ActiveCfg = Release|Any CPU
		{89BDE1AF-1171-476F-8BFE-2395C58AA75A}.Release|Any CPU.Build.0 = Release|Any CPU
		{1793EBF2-A0EB-4A95-9F0E-A5AE48F7E51C}.Debug|Any CPU.ActiveCfg = Debug|Any CPU
		{1793EBF2-A0EB-4A95-9F0E-A5AE48F7E51C}.Debug|Any CPU.Build.0 = Debug|Any CPU
		{1793EBF2-A0EB-4A95-9F0E-A5AE48F7E51C}.Release|Any CPU.ActiveCfg = Release|Any CPU
		{1793EBF2-A0EB-4A95-9F0E-A5AE48F7E51C}.Release|Any CPU.Build.0 = Release|Any CPU
	EndGlobalSection
	GlobalSection(SolutionProperties) = preSolution
		HideSolutionNode = FALSE
	EndGlobalSection
	GlobalSection(NestedProjects) = preSolution
		{D0BA38D0-4D5B-4D7E-8600-FEBEEDD72726} = {7A2835C6-012D-40D5-B47C-FC38FD7C16C3}
		{02AB7B02-8F34-4FAB-BA75-DD838BBC5B43} = {7A2835C6-012D-40D5-B47C-FC38FD7C16C3}
		{56233474-7184-43DD-9D44-DD77EF74C0DD} = {7A2835C6-012D-40D5-B47C-FC38FD7C16C3}
		{FE30DADE-7CB6-40DF-8BDB-3653DCD0E243} = {02AB7B02-8F34-4FAB-BA75-DD838BBC5B43}
		{7DC8E32C-946D-46D0-9882-BE94B9F60653} = {FE30DADE-7CB6-40DF-8BDB-3653DCD0E243}
		{D9C0E725-D37D-4536-AE4C-A634A38DF131} = {56233474-7184-43DD-9D44-DD77EF74C0DD}
		{7603F8EC-8D72-41FF-B72D-C39DE52BC21A} = {D9C0E725-D37D-4536-AE4C-A634A38DF131}
		{5FAF43BE-B07E-4B1D-AFB9-781B58A440EF} = {D0BA38D0-4D5B-4D7E-8600-FEBEEDD72726}
		{D1E2BDDE-4B89-4149-84D6-D754E0185E27} = {5FAF43BE-B07E-4B1D-AFB9-781B58A440EF}
		{96870AF0-228A-4C17-B224-F3CE7D675848} = {02AB7B02-8F34-4FAB-BA75-DD838BBC5B43}
		{3C45E3A4-663D-4CBE-875B-086ED03CB829} = {96870AF0-228A-4C17-B224-F3CE7D675848}
		{BD8F59D4-46EA-4497-A5BE-5A97112EE59A} = {02AB7B02-8F34-4FAB-BA75-DD838BBC5B43}
		{7708DB62-73D9-425F-B3BD-34D7E64CC8FD} = {BD8F59D4-46EA-4497-A5BE-5A97112EE59A}
		{22893BC9-2BFD-44FE-A142-BEEFE068D6E8} = {02AB7B02-8F34-4FAB-BA75-DD838BBC5B43}
		{14B34153-6D31-4385-A8E0-AFA385D78FC4} = {02AB7B02-8F34-4FAB-BA75-DD838BBC5B43}
		{4DAE4D95-63FF-4ECD-B501-A2D64AF460E8} = {02AB7B02-8F34-4FAB-BA75-DD838BBC5B43}
		{724641C6-9390-494D-82E5-CE3C7E0558A2} = {22893BC9-2BFD-44FE-A142-BEEFE068D6E8}
		{A9BCB85A-C297-4BAF-85BC-C31E009900C4} = {14B34153-6D31-4385-A8E0-AFA385D78FC4}
		{B1143C69-90C5-49DF-AF2F-EB85598DE6C9} = {4DAE4D95-63FF-4ECD-B501-A2D64AF460E8}
		{53D06346-BB5B-446D-935E-EE1E6597DFB1} = {D0BA38D0-4D5B-4D7E-8600-FEBEEDD72726}
		{89BDE1AF-1171-476F-8BFE-2395C58AA75A} = {53D06346-BB5B-446D-935E-EE1E6597DFB1}
		{298E2127-3EFA-4311-AB65-D9A3561C9507} = {D0BA38D0-4D5B-4D7E-8600-FEBEEDD72726}
		{1793EBF2-A0EB-4A95-9F0E-A5AE48F7E51C} = {298E2127-3EFA-4311-AB65-D9A3561C9507}
	EndGlobalSection
	GlobalSection(ExtensibilityGlobals) = postSolution
		SolutionGuid = {DFEBE621-A892-435F-ADF5-FA014ADC69A4}
	EndGlobalSection
EndGlobal
